
Microsoft Visual Studio Solution File, Format Version 12.00
# Visual Studio 15
VisualStudioVersion = 15.0.27428.2037
MinimumVisualStudioVersion = 10.0.40219.1
Project("{FAE04EC0-301F-11D3-BF4B-00C04F79EFBC}") = "BicyclesStores", "BicyclesStores\BicyclesStores.csproj", "{37DE5B7D-B001-4ED8-8BB6-44B0FEFAA3E6}"
EndProject
Global
	GlobalSection(SolutionConfigurationPlatforms) = preSolution
		Debug|Any CPU = Debug|Any CPU
		Release|Any CPU = Release|Any CPU
	EndGlobalSection
	GlobalSection(ProjectConfigurationPlatforms) = postSolution
		{37DE5B7D-B001-4ED8-8BB6-44B0FEFAA3E6}.Debug|Any CPU.ActiveCfg = Debug|Any CPU
		{37DE5B7D-B001-4ED8-8BB6-44B0FEFAA3E6}.Debug|Any CPU.Build.0 = Debug|Any CPU
		{37DE5B7D-B001-4ED8-8BB6-44B0FEFAA3E6}.Release|Any CPU.ActiveCfg = Release|Any CPU
		{37DE5B7D-B001-4ED8-8BB6-44B0FEFAA3E6}.Release|Any CPU.Build.0 = Release|Any CPU
	EndGlobalSection
	GlobalSection(SolutionProperties) = preSolution
		HideSolutionNode = FALSE
	EndGlobalSection
	GlobalSection(ExtensibilityGlobals) = postSolution
		SolutionGuid = {24AB5A3F-3282-49FC-A4B3-67E7EF326429}
	EndGlobalSection
EndGlobal
